<Solution>
  <Folder Name="/Solution Items/">
    <File Path="../.gitignore" />
    <File Path="../docker-compose.dev.yml" />
    <File Path="../README.MD" />
    <File Path=".dockerignore" />
  </Folder>
  <Folder Name="/src/">
    <Project Path="src/Applyr.Api/Applyr.Api.csproj" />
  </Folder>
</Solution>
